
Microsoft Visual Studio Solution File, Format Version 12.00
# Visual Studio Version 17
VisualStudioVersion = 17.2.32616.157
MinimumVisualStudioVersion = 10.0.40219.1
Project("{FAE04EC0-301F-11D3-BF4B-00C04F79EFBC}") = "MetanitProject", "MetanitProject\MetanitProject.csproj", "{16A60C32-3CCC-4176-9C14-742DD018252C}"
EndProject
Project("{2150E333-8FDC-42A3-9474-1A3956D46DE8}") = "Глава 3. Классы, структуры и пространства имен", "Глава 3. Классы, структуры и пространства имен", "{D96A97C9-D355-4384-846B-9E657555E4F9}"
EndProject
Global
	GlobalSection(SolutionConfigurationPlatforms) = preSolution
		Debug|Any CPU = Debug|Any CPU
		Release|Any CPU = Release|Any CPU
	EndGlobalSection
	GlobalSection(ProjectConfigurationPlatforms) = postSolution
		{16A60C32-3CCC-4176-9C14-742DD018252C}.Debug|Any CPU.ActiveCfg = Debug|Any CPU
		{16A60C32-3CCC-4176-9C14-742DD018252C}.Debug|Any CPU.Build.0 = Debug|Any CPU
		{16A60C32-3CCC-4176-9C14-742DD018252C}.Release|Any CPU.ActiveCfg = Release|Any CPU
		{16A60C32-3CCC-4176-9C14-742DD018252C}.Release|Any CPU.Build.0 = Release|Any CPU
	EndGlobalSection
	GlobalSection(SolutionProperties) = preSolution
		HideSolutionNode = FALSE
	EndGlobalSection
	GlobalSection(ExtensibilityGlobals) = postSolution
		SolutionGuid = {DC376DB1-1052-4452-8FC4-71E71F6F0B8C}
	EndGlobalSection
EndGlobal
